PODS:
  - GoogleAds-IMA-iOS-SDK (3.14.5)

DEPENDENCIES:
  - GoogleAds-IMA-iOS-SDK (~> 3.14.5)

SPEC REPOS:
  trunk:
    - GoogleAds-IMA-iOS-SDK

SPEC CHECKSUMS:
  GoogleAds-IMA-iOS-SDK: b088674002266c5638e73d10696c8b13872ee15e

PODFILE CHECKSUM: d3ff17f615ca1fadc08995e6e5a868ad22e16632

COCOAPODS: 1.11.2
